// !$*UTF8*$!
{
	archiveVersion = 1;
	classes = {
	};
	objectVersion = 56;
	objects = {

/* Begin PBXBuildFile section */
		E747FB4729377A2B00A9AAEB /* AppDelegate.swift in Sources */ = {isa = PBXBuildFile; fileRef = E747FB4629377A2B00A9AAEB /* AppDelegate.swift */; };
		E747FB4929377A2B00A9AAEB /* SceneDelegate.swift in Sources */ = {isa = PBXBuildFile; fileRef = E747FB4829377A2B00A9AAEB /* SceneDelegate.swift */; };
		E747FB4B29377A2B00A9AAEB /* HomeScreen.swift in Sources */ = {isa = PBXBuildFile; fileRef = E747FB4A29377A2B00A9AAEB /* HomeScreen.swift */; };
		E747FB5029377A2C00A9AAEB /* Assets.xcassets in Resources */ = {isa = PBXBuildFile; fileRef = E747FB4F29377A2C00A9AAEB /* Assets.xcassets */; };
		E747FB5329377A2C00A9AAEB /* LaunchScreen.storyboard in Resources */ = {isa = PBXBuildFile; fileRef = E747FB5129377A2C00A9AAEB /* LaunchScreen.storyboard */; };
		E747FB5C29377A9800A9AAEB /* NetworkManager.swift in Sources */ = {isa = PBXBuildFile; fileRef = E747FB5B29377A9800A9AAEB /* NetworkManager.swift */; };
		E747FB5F29377B0800A9AAEB /* Movie.swift in Sources */ = {isa = PBXBuildFile; fileRef = E747FB5E29377B0800A9AAEB /* Movie.swift */; };
		E747FB622937813A00A9AAEB /* MovieService.swift in Sources */ = {isa = PBXBuildFile; fileRef = E747FB612937813A00A9AAEB /* MovieService.swift */; };
		E747FB64293789DE00A9AAEB /* APIURLs.swift in Sources */ = {isa = PBXBuildFile; fileRef = E747FB63293789DE00A9AAEB /* APIURLs.swift */; };
		E747FB6729378B6B00A9AAEB /* HomeViewModel.swift in Sources */ = {isa = PBXBuildFile; fileRef = E747FB6629378B6B00A9AAEB /* HomeViewModel.swift */; };
		E747FB6A2938EE8700A9AAEB /* UIView+Ext.swift in Sources */ = {isa = PBXBuildFile; fileRef = E747FB692938EE8700A9AAEB /* UIView+Ext.swift */; };
		E747FB6C2938FAE900A9AAEB /* UIHelper.swift in Sources */ = {isa = PBXBuildFile; fileRef = E747FB6B2938FAE900A9AAEB /* UIHelper.swift */; };
		E747FB6E2938FC4800A9AAEB /* CGFloat+Ext.swift in Sources */ = {isa = PBXBuildFile; fileRef = E747FB6D2938FC4800A9AAEB /* CGFloat+Ext.swift */; };
		E747FB73293900C500A9AAEB /* MovieCell.swift in Sources */ = {isa = PBXBuildFile; fileRef = E747FB72293900C500A9AAEB /* MovieCell.swift */; };
		E750492E29395D240068703E /* PosterImageView.swift in Sources */ = {isa = PBXBuildFile; fileRef = E750492D29395D240068703E /* PosterImageView.swift */; };
		E7504930293970500068703E /* UICollectionView+Ext.swift in Sources */ = {isa = PBXBuildFile; fileRef = E750492F293970500068703E /* UICollectionView+Ext.swift */; };
		E7504933293977C90068703E /* DetailScreen.swift in Sources */ = {isa = PBXBuildFile; fileRef = E7504932293977C90068703E /* DetailScreen.swift */; };
		E7504935293A0BDC0068703E /* DetailScreenViewModel.swift in Sources */ = {isa = PBXBuildFile; fileRef = E7504934293A0BDC0068703E /* DetailScreenViewModel.swift */; };
/* End PBXBuildFile section */

/* Begin PBXFileReference section */
		E747FB4329377A2B00A9AAEB /* Movies-App.app */ = {isa = PBXFileReference; explicitFileType = wrapper.application; includeInIndex = 0; path = "Movies-App.app"; sourceTree = BUILT_PRODUCTS_DIR; };
		E747FB4629377A2B00A9AAEB /* AppDelegate.swift */ = {isa = PBXFileReference; lastKnownFileType = sourcecode.swift; path = AppDelegate.swift; sourceTree = "<group>"; };
		E747FB4829377A2B00A9AAEB /* SceneDelegate.swift */ = {isa = PBXFileReference; lastKnownFileType = sourcecode.swift; path = SceneDelegate.swift; sourceTree = "<group>"; };
		E747FB4A29377A2B00A9AAEB /* HomeScreen.swift */ = {isa = PBXFileReference; lastKnownFileType = sourcecode.swift; path = HomeScreen.swift; sourceTree = "<group>"; };
		E747FB4F29377A2C00A9AAEB /* Assets.xcassets */ = {isa = PBXFileReference; lastKnownFileType = folder.assetcatalog; path = Assets.xcassets; sourceTree = "<group>"; };
		E747FB5229377A2C00A9AAEB /* Base */ = {isa = PBXFileReference; lastKnownFileType = file.storyboard; name = Base; path = Base.lproj/LaunchScreen.storyboard; sourceTree = "<group>"; };
		E747FB5429377A2C00A9AAEB /* Info.plist */ = {isa = PBXFileReference; lastKnownFileType = text.plist.xml; path = Info.plist; sourceTree = "<group>"; };
		E747FB5B29377A9800A9AAEB /* NetworkManager.swift */ = {isa = PBXFileReference; lastKnownFileType = sourcecode.swift; path = NetworkManager.swift; sourceTree = "<group>"; };
		E747FB5E29377B0800A9AAEB /* Movie.swift */ = {isa = PBXFileReference; lastKnownFileType = sourcecode.swift; path = Movie.swift; sourceTree = "<group>"; };
		E747FB612937813A00A9AAEB /* MovieService.swift */ = {isa = PBXFileReference; lastKnownFileType = sourcecode.swift; path = MovieService.swift; sourceTree = "<group>"; };
		E747FB63293789DE00A9AAEB /* APIURLs.swift */ = {isa = PBXFileReference; lastKnownFileType = sourcecode.swift; path = APIURLs.swift; sourceTree = "<group>"; };
		E747FB6629378B6B00A9AAEB /* HomeViewModel.swift */ = {isa = PBXFileReference; lastKnownFileType = sourcecode.swift; path = HomeViewModel.swift; sourceTree = "<group>"; };
		E747FB692938EE8700A9AAEB /* UIView+Ext.swift */ = {isa = PBXFileReference; lastKnownFileType = sourcecode.swift; path = "UIView+Ext.swift"; sourceTree = "<group>"; };
		E747FB6B2938FAE900A9AAEB /* UIHelper.swift */ = {isa = PBXFileReference; lastKnownFileType = sourcecode.swift; path = UIHelper.swift; sourceTree = "<group>"; };
		E747FB6D2938FC4800A9AAEB /* CGFloat+Ext.swift */ = {isa = PBXFileReference; lastKnownFileType = sourcecode.swift; path = "CGFloat+Ext.swift"; sourceTree = "<group>"; };
		E747FB72293900C500A9AAEB /* MovieCell.swift */ = {isa = PBXFileReference; lastKnownFileType = sourcecode.swift; path = MovieCell.swift; sourceTree = "<group>"; };
		E750492D29395D240068703E /* PosterImageView.swift */ = {isa = PBXFileReference; lastKnownFileType = sourcecode.swift; path = PosterImageView.swift; sourceTree = "<group>"; };
		E750492F293970500068703E /* UICollectionView+Ext.swift */ = {isa = PBXFileReference; lastKnownFileType = sourcecode.swift; path = "UICollectionView+Ext.swift"; sourceTree = "<group>"; };
		E7504932293977C90068703E /* DetailScreen.swift */ = {isa = PBXFileReference; lastKnownFileType = sourcecode.swift; path = DetailScreen.swift; sourceTree = "<group>"; };
		E7504934293A0BDC0068703E /* DetailScreenViewModel.swift */ = {isa = PBXFileReference; lastKnownFileType = sourcecode.swift; path = DetailScreenViewModel.swift; sourceTree = "<group>"; };
/* End PBXFileReference section */

/* Begin PBXFrameworksBuildPhase section */
		E747FB4029377A2B00A9AAEB /* Frameworks */ = {
			isa = PBXFrameworksBuildPhase;
			buildActionMask = 2147483647;
			files = (
			);
			runOnlyForDeploymentPostprocessing = 0;
		};
/* End PBXFrameworksBuildPhase section */

/* Begin PBXGroup section */
		E747FB3A29377A2B00A9AAEB = {
			isa = PBXGroup;
			children = (
				E747FB4529377A2B00A9AAEB /* Movies-App */,
				E747FB4429377A2B00A9AAEB /* Products */,
			);
			sourceTree = "<group>";
		};
		E747FB4429377A2B00A9AAEB /* Products */ = {
			isa = PBXGroup;
			children = (
				E747FB4329377A2B00A9AAEB /* Movies-App.app */,
			);
			name = Products;
			sourceTree = "<group>";
		};
		E747FB4529377A2B00A9AAEB /* Movies-App */ = {
			isa = PBXGroup;
			children = (
				E747FB682938EE6F00A9AAEB /* Extension */,
				E747FB6529378AE800A9AAEB /* Core */,
				E747FB602937812D00A9AAEB /* Services */,
				E747FB5D29377AD500A9AAEB /* Models */,
				E747FB5A29377A7E00A9AAEB /* Utilities */,
				E747FB4629377A2B00A9AAEB /* AppDelegate.swift */,
				E747FB4829377A2B00A9AAEB /* SceneDelegate.swift */,
				E747FB4F29377A2C00A9AAEB /* Assets.xcassets */,
				E747FB5129377A2C00A9AAEB /* LaunchScreen.storyboard */,
				E747FB5429377A2C00A9AAEB /* Info.plist */,
			);
			path = "Movies-App";
			sourceTree = "<group>";
		};
		E747FB5A29377A7E00A9AAEB /* Utilities */ = {
			isa = PBXGroup;
			children = (
				E747FB5B29377A9800A9AAEB /* NetworkManager.swift */,
				E747FB63293789DE00A9AAEB /* APIURLs.swift */,
				E747FB6B2938FAE900A9AAEB /* UIHelper.swift */,
			);
			path = Utilities;
			sourceTree = "<group>";
		};
		E747FB5D29377AD500A9AAEB /* Models */ = {
			isa = PBXGroup;
			children = (
				E747FB5E29377B0800A9AAEB /* Movie.swift */,
			);
			path = Models;
			sourceTree = "<group>";
		};
		E747FB602937812D00A9AAEB /* Services */ = {
			isa = PBXGroup;
			children = (
				E747FB612937813A00A9AAEB /* MovieService.swift */,
			);
			path = Services;
			sourceTree = "<group>";
		};
		E747FB6529378AE800A9AAEB /* Core */ = {
			isa = PBXGroup;
			children = (
				E7504931293977A70068703E /* DetailScreen */,
				E747FB712939009700A9AAEB /* HomeScreen */,
				E747FB6F2939008100A9AAEB /* Components */,
			);
			path = Core;
			sourceTree = "<group>";
		};
		E747FB682938EE6F00A9AAEB /* Extension */ = {
			isa = PBXGroup;
			children = (
				E747FB692938EE8700A9AAEB /* UIView+Ext.swift */,
				E747FB6D2938FC4800A9AAEB /* CGFloat+Ext.swift */,
				E750492F293970500068703E /* UICollectionView+Ext.swift */,
			);
			path = Extension;
			sourceTree = "<group>";
		};
		E747FB6F2939008100A9AAEB /* Components */ = {
			isa = PBXGroup;
			children = (
				E747FB72293900C500A9AAEB /* MovieCell.swift */,
				E750492D29395D240068703E /* PosterImageView.swift */,
			);
			path = Components;
			sourceTree = "<group>";
		};
		E747FB712939009700A9AAEB /* HomeScreen */ = {
			isa = PBXGroup;
			children = (
				E747FB4A29377A2B00A9AAEB /* HomeScreen.swift */,
				E747FB6629378B6B00A9AAEB /* HomeViewModel.swift */,
			);
			path = HomeScreen;
			sourceTree = "<group>";
		};
		E7504931293977A70068703E /* DetailScreen */ = {
			isa = PBXGroup;
			children = (
				E7504932293977C90068703E /* DetailScreen.swift */,
				E7504934293A0BDC0068703E /* DetailScreenViewModel.swift */,
			);
			path = DetailScreen;
			sourceTree = "<group>";
		};
/* End PBXGroup section */

/* Begin PBXNativeTarget section */
		E747FB4229377A2B00A9AAEB /* Movies-App */ = {
			isa = PBXNativeTarget;
			buildConfigurationList = E747FB5729377A2C00A9AAEB /* Build configuration list for PBXNativeTarget "Movies-App" */;
			buildPhases = (
				E747FB3F29377A2B00A9AAEB /* Sources */,
				E747FB4029377A2B00A9AAEB /* Frameworks */,
				E747FB4129377A2B00A9AAEB /* Resources */,
			);
			buildRules = (
			);
			dependencies = (
			);
			name = "Movies-App";
			productName = "Movies-App";
			productReference = E747FB4329377A2B00A9AAEB /* Movies-App.app */;
			productType = "com.apple.product-type.application";
		};
/* End PBXNativeTarget section */

/* Begin PBXProject section */
		E747FB3B29377A2B00A9AAEB /* Project object */ = {
			isa = PBXProject;
			attributes = {
				BuildIndependentTargetsInParallel = 1;
				LastSwiftUpdateCheck = 1410;
				LastUpgradeCheck = 1410;
				TargetAttributes = {
					E747FB4229377A2B00A9AAEB = {
						CreatedOnToolsVersion = 14.1;
					};
				};
			};
			buildConfigurationList = E747FB3E29377A2B00A9AAEB /* Build configuration list for PBXProject "Movies-App" */;
			compatibilityVersion = "Xcode 14.0";
			developmentRegion = en;
			hasScannedForEncodings = 0;
			knownRegions = (
				en,
				Base,
			);
			mainGroup = E747FB3A29377A2B00A9AAEB;
			productRefGroup = E747FB4429377A2B00A9AAEB /* Products */;
			projectDirPath = "";
			projectRoot = "";
			targets = (
				E747FB4229377A2B00A9AAEB /* Movies-App */,
			);
		};
/* End PBXProject section */

/* Begin PBXResourcesBuildPhase section */
		E747FB4129377A2B00A9AAEB /* Resources */ = {
			isa = PBXResourcesBuildPhase;
			buildActionMask = 2147483647;
			files = (
				E747FB5329377A2C00A9AAEB /* LaunchScreen.storyboard in Resources */,
				E747FB5029377A2C00A9AAEB /* Assets.xcassets in Resources */,
			);
			runOnlyForDeploymentPostprocessing = 0;
		};
/* End PBXResourcesBuildPhase section */

/* Begin PBXSourcesBuildPhase section */
		E747FB3F29377A2B00A9AAEB /* Sources */ = {
			isa = PBXSourcesBuildPhase;
			buildActionMask = 2147483647;
			files = (
				E747FB622937813A00A9AAEB /* MovieService.swift in Sources */,
				E747FB5C29377A9800A9AAEB /* NetworkManager.swift in Sources */,
				E747FB73293900C500A9AAEB /* MovieCell.swift in Sources */,
				E747FB4B29377A2B00A9AAEB /* HomeScreen.swift in Sources */,
				E747FB6E2938FC4800A9AAEB /* CGFloat+Ext.swift in Sources */,
				E7504935293A0BDC0068703E /* DetailScreenViewModel.swift in Sources */,
				E7504933293977C90068703E /* DetailScreen.swift in Sources */,
				E747FB6C2938FAE900A9AAEB /* UIHelper.swift in Sources */,
				E747FB6729378B6B00A9AAEB /* HomeViewModel.swift in Sources */,
				E747FB4729377A2B00A9AAEB /* AppDelegate.swift in Sources */,
				E747FB6A2938EE8700A9AAEB /* UIView+Ext.swift in Sources */,
				E747FB64293789DE00A9AAEB /* APIURLs.swift in Sources */,
				E7504930293970500068703E /* UICollectionView+Ext.swift in Sources */,
				E747FB4929377A2B00A9AAEB /* SceneDelegate.swift in Sources */,
				E750492E29395D240068703E /* PosterImageView.swift in Sources */,
				E747FB5F29377B0800A9AAEB /* Movie.swift in Sources */,
			);
			runOnlyForDeploymentPostprocessing = 0;
		};
/* End PBXSourcesBuildPhase section */

/* Begin PBXVariantGroup section */
		E747FB5129377A2C00A9AAEB /* LaunchScreen.storyboard */ = {
			isa = PBXVariantGroup;
			children = (
				E747FB5229377A2C00A9AAEB /* Base */,
			);
			name = LaunchScreen.storyboard;
			sourceTree = "<group>";
		};
/* End PBXVariantGroup section */

/* Begin XCBuildConfiguration section */
		E747FB5529377A2C00A9AAEB /* Debug */ = {
			isa = XCBuildConfiguration;
			buildSettings = {
				ALWAYS_SEARCH_USER_PATHS = NO;
				CLANG_ANALYZER_NONNULL = YES;
				CLANG_ANALYZER_NUMBER_OBJECT_CONVERSION = YES_AGGRESSIVE;
				CLANG_CXX_LANGUAGE_STANDARD = "gnu++20";
				CLANG_ENABLE_MODULES = YES;
				CLANG_ENABLE_OBJC_ARC = YES;
				CLANG_ENABLE_OBJC_WEAK = YES;
				CLANG_WARN_BLOCK_CAPTURE_AUTORELEASING = YES;
				CLANG_WARN_BOOL_CONVERSION = YES;
				CLANG_WARN_COMMA = YES;
				CLANG_WARN_CONSTANT_CONVERSION = YES;
				CLANG_WARN_DEPRECATED_OBJC_IMPLEMENTATIONS = YES;
				CLANG_WARN_DIRECT_OBJC_ISA_USAGE = YES_ERROR;
				CLANG_WARN_DOCUMENTATION_COMMENTS = YES;
				CLANG_WARN_EMPTY_BODY = YES;
				CLANG_WARN_ENUM_CONVERSION = YES;
				CLANG_WARN_INFINITE_RECURSION = YES;
				CLANG_WARN_INT_CONVERSION = YES;
				CLANG_WARN_NON_LITERAL_NULL_CONVERSION = YES;
				CLANG_WARN_OBJC_IMPLICIT_RETAIN_SELF = YES;
				CLANG_WARN_OBJC_LITERAL_CONVERSION = YES;
				CLANG_WARN_OBJC_ROOT_CLASS = YES_ERROR;
				CLANG_WARN_QUOTED_INCLUDE_IN_FRAMEWORK_HEADER = YES;
				CLANG_WARN_RANGE_LOOP_ANALYSIS = YES;
				CLANG_WARN_STRICT_PROTOTYPES = YES;
				CLANG_WARN_SUSPICIOUS_MOVE = YES;
				CLANG_WARN_UNGUARDED_AVAILABILITY = YES_AGGRESSIVE;
				CLANG_WARN_UNREACHABLE_CODE = YES;
				CLANG_WARN__DUPLICATE_METHOD_MATCH = YES;
				COPY_PHASE_STRIP = NO;
				DEBUG_INFORMATION_FORMAT = dwarf;
				ENABLE_STRICT_OBJC_MSGSEND = YES;
				ENABLE_TESTABILITY = YES;
				GCC_C_LANGUAGE_STANDARD = gnu11;
				GCC_DYNAMIC_NO_PIC = NO;
				GCC_NO_COMMON_BLOCKS = YES;
				GCC_OPTIMIZATION_LEVEL = 0;
				GCC_PREPROCESSOR_DEFINITIONS = (
					"DEBUG=1",
					"$(inherited)",
				);
				GCC_WARN_64_TO_32_BIT_CONVERSION = YES;
				GCC_WARN_ABOUT_RETURN_TYPE = YES_ERROR;
				GCC_WARN_UNDECLARED_SELECTOR = YES;
				GCC_WARN_UNINITIALIZED_AUTOS = YES_AGGRESSIVE;
				GCC_WARN_UNUSED_FUNCTION = YES;
				GCC_WARN_UNUSED_VARIABLE = YES;
				IPHONEOS_DEPLOYMENT_TARGET = 16.1;
				MTL_ENABLE_DEBUG_INFO = INCLUDE_SOURCE;
				MTL_FAST_MATH = YES;
				ONLY_ACTIVE_ARCH = YES;
				SDKROOT = iphoneos;
				SWIFT_ACTIVE_COMPILATION_CONDITIONS = DEBUG;
				SWIFT_OPTIMIZATION_LEVEL = "-Onone";
			};
			name = Debug;
		};
		E747FB5629377A2C00A9AAEB /* Release */ = {
			isa = XCBuildConfiguration;
			buildSettings = {
				ALWAYS_SEARCH_USER_PATHS = NO;
				CLANG_ANALYZER_NONNULL = YES;
				CLANG_ANALYZER_NUMBER_OBJECT_CONVERSION = YES_AGGRESSIVE;
				CLANG_CXX_LANGUAGE_STANDARD = "gnu++20";
				CLANG_ENABLE_MODULES = YES;
				CLANG_ENABLE_OBJC_ARC = YES;
				CLANG_ENABLE_OBJC_WEAK = YES;
				CLANG_WARN_BLOCK_CAPTURE_AUTORELEASING = YES;
				CLANG_WARN_BOOL_CONVERSION = YES;
				CLANG_WARN_COMMA = YES;
				CLANG_WARN_CONSTANT_CONVERSION = YES;
				CLANG_WARN_DEPRECATED_OBJC_IMPLEMENTATIONS = YES;
				CLANG_WARN_DIRECT_OBJC_ISA_USAGE = YES_ERROR;
				CLANG_WARN_DOCUMENTATION_COMMENTS = YES;
				CLANG_WARN_EMPTY_BODY = YES;
				CLANG_WARN_ENUM_CONVERSION = YES;
				CLANG_WARN_INFINITE_RECURSION = YES;
				CLANG_WARN_INT_CONVERSION = YES;
				CLANG_WARN_NON_LITERAL_NULL_CONVERSION = YES;
				CLANG_WARN_OBJC_IMPLICIT_RETAIN_SELF = YES;
				CLANG_WARN_OBJC_LITERAL_CONVERSION = YES;
				CLANG_WARN_OBJC_ROOT_CLASS = YES_ERROR;
				CLANG_WARN_QUOTED_INCLUDE_IN_FRAMEWORK_HEADER = YES;
				CLANG_WARN_RANGE_LOOP_ANALYSIS = YES;
				CLANG_WARN_STRICT_PROTOTYPES = YES;
				CLANG_WARN_SUSPICIOUS_MOVE = YES;
				CLANG_WARN_UNGUARDED_AVAILABILITY = YES_AGGRESSIVE;
				CLANG_WARN_UNREACHABLE_CODE = YES;
				CLANG_WARN__DUPLICATE_METHOD_MATCH = YES;
				COPY_PHASE_STRIP = NO;
				DEBUG_INFORMATION_FORMAT = "dwarf-with-dsym";
				ENABLE_NS_ASSERTIONS = NO;
				ENABLE_STRICT_OBJC_MSGSEND = YES;
				GCC_C_LANGUAGE_STANDARD = gnu11;
				GCC_NO_COMMON_BLOCKS = YES;
				GCC_WARN_64_TO_32_BIT_CONVERSION = YES;
				GCC_WARN_ABOUT_RETURN_TYPE = YES_ERROR;
				GCC_WARN_UNDECLARED_SELECTOR = YES;
				GCC_WARN_UNINITIALIZED_AUTOS = YES_AGGRESSIVE;
				GCC_WARN_UNUSED_FUNCTION = YES;
				GCC_WARN_UNUSED_VARIABLE = YES;
				IPHONEOS_DEPLOYMENT_TARGET = 16.1;
				MTL_ENABLE_DEBUG_INFO = NO;
				MTL_FAST_MATH = YES;
				SDKROOT = iphoneos;
				SWIFT_COMPILATION_MODE = wholemodule;
				SWIFT_OPTIMIZATION_LEVEL = "-O";
				VALIDATE_PRODUCT = YES;
			};
			name = Release;
		};
		E747FB5829377A2C00A9AAEB /* Debug */ = {
			isa = XCBuildConfiguration;
			buildSettings = {
				ASSETCATALOG_COMPILER_APPICON_NAME = AppIcon;
				ASSETCATALOG_COMPILER_GLOBAL_ACCENT_COLOR_NAME = AccentColor;
				CODE_SIGN_STYLE = Automatic;
				CURRENT_PROJECT_VERSION = 1;
				GENERATE_INFOPLIST_FILE = YES;
				INFOPLIST_FILE = "Movies-App/Info.plist";
				INFOPLIST_KEY_UIApplicationSupportsIndirectInputEvents = YES;
				INFOPLIST_KEY_UILaunchStoryboardName = LaunchScreen;
				INFOPLIST_KEY_UISupportedInterfaceOrientations_iPad = "UIInterfaceOrientationPortrait UIInterfaceOrientationPortraitUpsideDown UIInterfaceOrientationLandscapeLeft UIInterfaceOrientationLandscapeRight";
				INFOPLIST_KEY_UISupportedInterfaceOrientations_iPhone = "UIInterfaceOrientationPortrait UIInterfaceOrientationLandscapeLeft UIInterfaceOrientationLandscapeRight";
				LD_RUNPATH_SEARCH_PATHS = (
					"$(inherited)",
					"@executable_path/Frameworks",
				);
				MARKETING_VERSION = 1.0;
				PRODUCT_BUNDLE_IDENTIFIER = "kromatin.Movies-App";
				PRODUCT_NAME = "$(TARGET_NAME)";
				SWIFT_EMIT_LOC_STRINGS = YES;
				SWIFT_VERSION = 5.0;
				TARGETED_DEVICE_FAMILY = "1,2";
			};
			name = Debug;
		};
		E747FB5929377A2C00A9AAEB /* Release */ = {
			isa = XCBuildConfiguration;
			buildSettings = {
				ASSETCATALOG_COMPILER_APPICON_NAME = AppIcon;
				ASSETCATALOG_COMPILER_GLOBAL_ACCENT_COLOR_NAME = AccentColor;
				CODE_SIGN_STYLE = Automatic;
				CURRENT_PROJECT_VERSION = 1;
				GENERATE_INFOPLIST_FILE = YES;
				INFOPLIST_FILE = "Movies-App/Info.plist";
				INFOPLIST_KEY_UIApplicationSupportsIndirectInputEvents = YES;
				INFOPLIST_KEY_UILaunchStoryboardName = LaunchScreen;
				INFOPLIST_KEY_UISupportedInterfaceOrientations_iPad = "UIInterfaceOrientationPortrait UIInterfaceOrientationPortraitUpsideDown UIInterfaceOrientationLandscapeLeft UIInterfaceOrientationLandscapeRight";
				INFOPLIST_KEY_UISupportedInterfaceOrientations_iPhone = "UIInterfaceOrientationPortrait UIInterfaceOrientationLandscapeLeft UIInterfaceOrientationLandscapeRight";
				LD_RUNPATH_SEARCH_PATHS = (
					"$(inherited)",
					"@executable_path/Frameworks",
				);
				MARKETING_VERSION = 1.0;
				PRODUCT_BUNDLE_IDENTIFIER = "kromatin.Movies-App";
				PRODUCT_NAME = "$(TARGET_NAME)";
				SWIFT_EMIT_LOC_STRINGS = YES;
				SWIFT_VERSION = 5.0;
				TARGETED_DEVICE_FAMILY = "1,2";
			};
			name = Release;
		};
/* End XCBuildConfiguration section */

/* Begin XCConfigurationList section */
		E747FB3E29377A2B00A9AAEB /* Build configuration list for PBXProject "Movies-App" */ = {
			isa = XCConfigurationList;
			buildConfigurations = (
				E747FB5529377A2C00A9AAEB /* Debug */,
				E747FB5629377A2C00A9AAEB /* Release */,
			);
			defaultConfigurationIsVisible = 0;
			defaultConfigurationName = Release;
		};
		E747FB5729377A2C00A9AAEB /* Build configuration list for PBXNativeTarget "Movies-App" */ = {
			isa = XCConfigurationList;
			buildConfigurations = (
				E747FB5829377A2C00A9AAEB /* Debug */,
				E747FB5929377A2C00A9AAEB /* Release */,
			);
			defaultConfigurationIsVisible = 0;
			defaultConfigurationName = Release;
		};
/* End XCConfigurationList section */
	};
	rootObject = E747FB3B29377A2B00A9AAEB /* Project object */;
}
